// !$*UTF8*$!
{
	archiveVersion = 1;
	classes = {
	};
	objectVersion = 46;
	objects = {

/* Begin PBXBuildFile section */
		7617F9031B9CB056005FB80A /* main.cpp in Sources */ = {isa = PBXBuildFile; fileRef = 7617F9021B9CB056005FB80A /* main.cpp */; };
		76E1C2561B9CB09D00D5D328 /* gtBucket.cpp in Sources */ = {isa = PBXBuildFile; fileRef = 76E1C2521B9CB09D00D5D328 /* gtBucket.cpp */; };
		76E1C2571B9CB09D00D5D328 /* gtPoint.cpp in Sources */ = {isa = PBXBuildFile; fileRef = 76E1C2541B9CB09D00D5D328 /* gtPoint.cpp */; };
/* End PBXBuildFile section */

/* Begin PBXCopyFilesBuildPhase section */
		7617F8FD1B9CB056005FB80A /* CopyFiles */ = {
			isa = PBXCopyFilesBuildPhase;
			buildActionMask = 2147483647;
			dstPath = /usr/share/man/man1/;
			dstSubfolderSpec = 0;
			files = (
			);
			runOnlyForDeploymentPostprocessing = 1;
		};
/* End PBXCopyFilesBuildPhase section */

/* Begin PBXFileReference section */
		7617F8FF1B9CB056005FB80A /* KSkyBandQuery-CPlus */ = {isa = PBXFileReference; explicitFileType = "compiled.mach-o.executable"; includeInIndex = 0; path = "KSkyBandQuery-CPlus"; sourceTree = BUILT_PRODUCTS_DIR; };
		7617F9021B9CB056005FB80A /* main.cpp */ = {isa = PBXFileReference; lastKnownFileType = sourcecode.cpp.cpp; path = main.cpp; sourceTree = "<group>"; };
		76E1C2521B9CB09D00D5D328 /* gtBucket.cpp */ = {isa = PBXFileReference; fileEncoding = 4; lastKnownFileType = sourcecode.cpp.cpp; path = gtBucket.cpp; sourceTree = "<group>"; };
		76E1C2531B9CB09D00D5D328 /* gtBucket.h */ = {isa = PBXFileReference; fileEncoding = 4; lastKnownFileType = sourcecode.c.h; path = gtBucket.h; sourceTree = "<group>"; };
		76E1C2541B9CB09D00D5D328 /* gtPoint.cpp */ = {isa = PBXFileReference; fileEncoding = 4; lastKnownFileType = sourcecode.cpp.cpp; path = gtPoint.cpp; sourceTree = "<group>"; };
		76E1C2551B9CB09D00D5D328 /* gtPoint.h */ = {isa = PBXFileReference; fileEncoding = 4; lastKnownFileType = sourcecode.c.h; path = gtPoint.h; sourceTree = "<group>"; };
/* End PBXFileReference section */

/* Begin PBXFrameworksBuildPhase section */
		7617F8FC1B9CB056005FB80A /* Frameworks */ = {
			isa = PBXFrameworksBuildPhase;
			buildActionMask = 2147483647;
			files = (
			);
			runOnlyForDeploymentPostprocessing = 0;
		};
/* End PBXFrameworksBuildPhase section */

/* Begin PBXGroup section */
		7617F8F61B9CB056005FB80A = {
			isa = PBXGroup;
			children = (
				7617F9011B9CB056005FB80A /* KSkyBandQuery-CPlus */,
				7617F9001B9CB056005FB80A /* Products */,
			);
			sourceTree = "<group>";
		};
		7617F9001B9CB056005FB80A /* Products */ = {
			isa = PBXGroup;
			children = (
				7617F8FF1B9CB056005FB80A /* KSkyBandQuery-CPlus */,
			);
			name = Products;
			sourceTree = "<group>";
		};
		7617F9011B9CB056005FB80A /* KSkyBandQuery-CPlus */ = {
			isa = PBXGroup;
			children = (
				76E1C2521B9CB09D00D5D328 /* gtBucket.cpp */,
				76E1C2531B9CB09D00D5D328 /* gtBucket.h */,
				76E1C2541B9CB09D00D5D328 /* gtPoint.cpp */,
				76E1C2551B9CB09D00D5D328 /* gtPoint.h */,
				7617F9021B9CB056005FB80A /* main.cpp */,
			);
			path = "KSkyBandQuery-CPlus";
			sourceTree = "<group>";
		};
/* End PBXGroup section */

/* Begin PBXNativeTarget section */
		7617F8FE1B9CB056005FB80A /* KSkyBandQuery-CPlus */ = {
			isa = PBXNativeTarget;
			buildConfigurationList = 7617F9061B9CB056005FB80A /* Build configuration list for PBXNativeTarget "KSkyBandQuery-CPlus" */;
			buildPhases = (
				7617F8FB1B9CB056005FB80A /* Sources */,
				7617F8FC1B9CB056005FB80A /* Frameworks */,
				7617F8FD1B9CB056005FB80A /* CopyFiles */,
			);
			buildRules = (
			);
			dependencies = (
			);
			name = "KSkyBandQuery-CPlus";
			productName = "KSkyBandQuery-CPlus";
			productReference = 7617F8FF1B9CB056005FB80A /* KSkyBandQuery-CPlus */;
			productType = "com.apple.product-type.tool";
		};
/* End PBXNativeTarget section */

/* Begin PBXProject section */
		7617F8F71B9CB056005FB80A /* Project object */ = {
			isa = PBXProject;
			attributes = {
				LastUpgradeCheck = 0640;
				ORGANIZATIONNAME = ZJU;
				TargetAttributes = {
					7617F8FE1B9CB056005FB80A = {
						CreatedOnToolsVersion = 6.4;
					};
				};
			};
			buildConfigurationList = 7617F8FA1B9CB056005FB80A /* Build configuration list for PBXProject "KSkyBandQuery-CPlus" */;
			compatibilityVersion = "Xcode 3.2";
			developmentRegion = English;
			hasScannedForEncodings = 0;
			knownRegions = (
				en,
			);
			mainGroup = 7617F8F61B9CB056005FB80A;
			productRefGroup = 7617F9001B9CB056005FB80A /* Products */;
			projectDirPath = "";
			projectRoot = "";
			targets = (
				7617F8FE1B9CB056005FB80A /* KSkyBandQuery-CPlus */,
			);
		};
/* End PBXProject section */

/* Begin PBXSourcesBuildPhase section */
		7617F8FB1B9CB056005FB80A /* Sources */ = {
			isa = PBXSourcesBuildPhase;
			buildActionMask = 2147483647;
			files = (
				76E1C2561B9CB09D00D5D328 /* gtBucket.cpp in Sources */,
				76E1C2571B9CB09D00D5D328 /* gtPoint.cpp in Sources */,
				7617F9031B9CB056005FB80A /* main.cpp in Sources */,
			);
			runOnlyForDeploymentPostprocessing = 0;
		};
/* End PBXSourcesBuildPhase section */

/* Begin XCBuildConfiguration section */
		7617F9041B9CB056005FB80A /* Debug */ = {
			isa = XCBuildConfiguration;
			buildSettings = {
				ALWAYS_SEARCH_USER_PATHS = NO;
				CLANG_CXX_LANGUAGE_STANDARD = "gnu++0x";
				CLANG_CXX_LIBRARY = "libc++";
				CLANG_ENABLE_MODULES = YES;
				CLANG_ENABLE_OBJC_ARC = YES;
				CLANG_WARN_BOOL_CONVERSION = YES;
				CLANG_WARN_CONSTANT_CONVERSION = YES;
				CLANG_WARN_DIRECT_OBJC_ISA_USAGE = YES_ERROR;
				CLANG_WARN_EMPTY_BODY = YES;
				CLANG_WARN_ENUM_CONVERSION = YES;
				CLANG_WARN_INT_CONVERSION = YES;
				CLANG_WARN_OBJC_ROOT_CLASS = YES_ERROR;
				CLANG_WARN_UNREACHABLE_CODE = YES;
				CLANG_WARN__DUPLICATE_METHOD_MATCH = YES;
				COPY_PHASE_STRIP = NO;
				DEBUG_INFORMATION_FORMAT = dwarf;
				ENABLE_STRICT_OBJC_MSGSEND = YES;
				GCC_C_LANGUAGE_STANDARD = gnu99;
				GCC_DYNAMIC_NO_PIC = NO;
				GCC_NO_COMMON_BLOCKS = YES;
				GCC_OPTIMIZATION_LEVEL = 0;
				GCC_PREPROCESSOR_DEFINITIONS = (
					"DEBUG=1",
					"$(inherited)",
				);
				GCC_SYMBOLS_PRIVATE_EXTERN = NO;
				GCC_WARN_64_TO_32_BIT_CONVERSION = YES;
				GCC_WARN_ABOUT_RETURN_TYPE = YES_ERROR;
				GCC_WARN_UNDECLARED_SELECTOR = YES;
				GCC_WARN_UNINITIALIZED_AUTOS = YES_AGGRESSIVE;
				GCC_WARN_UNUSED_FUNCTION = YES;
				GCC_WARN_UNUSED_VARIABLE = YES;
				MACOSX_DEPLOYMENT_TARGET = 10.10;
				MTL_ENABLE_DEBUG_INFO = YES;
				ONLY_ACTIVE_ARCH = YES;
				SDKROOT = macosx;
			};
			name = Debug;
		};
		7617F9051B9CB056005FB80A /* Release */ = {
			isa = XCBuildConfiguration;
			buildSettings = {
				ALWAYS_SEARCH_USER_PATHS = NO;
				CLANG_CXX_LANGUAGE_STANDARD = "gnu++0x";
				CLANG_CXX_LIBRARY = "libc++";
				CLANG_ENABLE_MODULES = YES;
				CLANG_ENABLE_OBJC_ARC = YES;
				CLANG_WARN_BOOL_CONVERSION = YES;
				CLANG_WARN_CONSTANT_CONVERSION = YES;
				CLANG_WARN_DIRECT_OBJC_ISA_USAGE = YES_ERROR;
				CLANG_WARN_EMPTY_BODY = YES;
				CLANG_WARN_ENUM_CONVERSION = YES;
				CLANG_WARN_INT_CONVERSION = YES;
				CLANG_WARN_OBJC_ROOT_CLASS = YES_ERROR;
				CLANG_WARN_UNREACHABLE_CODE = YES;
				CLANG_WARN__DUPLICATE_METHOD_MATCH = YES;
				COPY_PHASE_STRIP = NO;
				DEBUG_INFORMATION_FORMAT = "dwarf-with-dsym";
				ENABLE_NS_ASSERTIONS = NO;
				ENABLE_STRICT_OBJC_MSGSEND = YES;
				GCC_C_LANGUAGE_STANDARD = gnu99;
				GCC_NO_COMMON_BLOCKS = YES;
				GCC_WARN_64_TO_32_BIT_CONVERSION = YES;
				GCC_WARN_ABOUT_RETURN_TYPE = YES_ERROR;
				GCC_WARN_UNDECLARED_SELECTOR = YES;
				GCC_WARN_UNINITIALIZED_AUTOS = YES_AGGRESSIVE;
				GCC_WARN_UNUSED_FUNCTION = YES;
				GCC_WARN_UNUSED_VARIABLE = YES;
				MACOSX_DEPLOYMENT_TARGET = 10.10;
				MTL_ENABLE_DEBUG_INFO = NO;
				SDKROOT = macosx;
			};
			name = Release;
		};
		7617F9071B9CB056005FB80A /* Debug */ = {
			isa = XCBuildConfiguration;
			buildSettings = {
				PRODUCT_NAME = "$(TARGET_NAME)";
			};
			name = Debug;
		};
		7617F9081B9CB056005FB80A /* Release */ = {
			isa = XCBuildConfiguration;
			buildSettings = {
				PRODUCT_NAME = "$(TARGET_NAME)";
			};
			name = Release;
		};
/* End XCBuildConfiguration section */

/* Begin XCConfigurationList section */
		7617F8FA1B9CB056005FB80A /* Build configuration list for PBXProject "KSkyBandQuery-CPlus" */ = {
			isa = XCConfigurationList;
			buildConfigurations = (
				7617F9041B9CB056005FB80A /* Debug */,
				7617F9051B9CB056005FB80A /* Release */,
			);
			defaultConfigurationIsVisible = 0;
			defaultConfigurationName = Release;
		};
		7617F9061B9CB056005FB80A /* Build configuration list for PBXNativeTarget "KSkyBandQuery-CPlus" */ = {
			isa = XCConfigurationList;
			buildConfigurations = (
				7617F9071B9CB056005FB80A /* Debug */,
				7617F9081B9CB056005FB80A /* Release */,
			);
			defaultConfigurationIsVisible = 0;
			defaultConfigurationName = Release;
		};
/* End XCConfigurationList section */
	};
	rootObject = 7617F8F71B9CB056005FB80A /* Project object */;
}
