// !$*UTF8*$!
{
	archiveVersion = 1;
	classes = {
	};
	objectVersion = 46;
	objects = {

/* Begin PBXBuildFile section */
		763A67CE1B6085100083D522 /* HashTable.c in Sources */ = {isa = PBXBuildFile; fileRef = 763A67CD1B6085100083D522 /* HashTable.c */; };
		766B59441B4FA18F008C43E8 /* BucketVector.c in Sources */ = {isa = PBXBuildFile; fileRef = 766B59401B4FA18F008C43E8 /* BucketVector.c */; };
		766B59451B4FA18F008C43E8 /* main.c in Sources */ = {isa = PBXBuildFile; fileRef = 766B59411B4FA18F008C43E8 /* main.c */; };
		766B59461B4FA18F008C43E8 /* PointVector.c in Sources */ = {isa = PBXBuildFile; fileRef = 766B59431B4FA18F008C43E8 /* PointVector.c */; };
/* End PBXBuildFile section */

/* Begin PBXCopyFilesBuildPhase section */
		766B59331B4FA164008C43E8 /* CopyFiles */ = {
			isa = PBXCopyFilesBuildPhase;
			buildActionMask = 2147483647;
			dstPath = /usr/share/man/man1/;
			dstSubfolderSpec = 0;
			files = (
			);
			runOnlyForDeploymentPostprocessing = 1;
		};
/* End PBXCopyFilesBuildPhase section */

/* Begin PBXFileReference section */
		763A67CC1B6084CB0083D522 /* HashTable.h */ = {isa = PBXFileReference; lastKnownFileType = sourcecode.c.h; path = HashTable.h; sourceTree = "<group>"; };
		763A67CD1B6085100083D522 /* HashTable.c */ = {isa = PBXFileReference; fileEncoding = 4; lastKnownFileType = sourcecode.c.c; path = HashTable.c; sourceTree = "<group>"; };
		766B59351B4FA164008C43E8 /* KeySkyBandQuery */ = {isa = PBXFileReference; explicitFileType = "compiled.mach-o.executable"; includeInIndex = 0; path = KeySkyBandQuery; sourceTree = BUILT_PRODUCTS_DIR; };
		766B593F1B4FA18F008C43E8 /* Bucket.h */ = {isa = PBXFileReference; fileEncoding = 4; lastKnownFileType = sourcecode.c.h; path = Bucket.h; sourceTree = "<group>"; };
		766B59401B4FA18F008C43E8 /* BucketVector.c */ = {isa = PBXFileReference; fileEncoding = 4; lastKnownFileType = sourcecode.c.c; path = BucketVector.c; sourceTree = "<group>"; };
		766B59411B4FA18F008C43E8 /* main.c */ = {isa = PBXFileReference; fileEncoding = 4; lastKnownFileType = sourcecode.c.c; path = main.c; sourceTree = "<group>"; };
		766B59421B4FA18F008C43E8 /* Point.h */ = {isa = PBXFileReference; fileEncoding = 4; lastKnownFileType = sourcecode.c.h; path = Point.h; sourceTree = "<group>"; };
		766B59431B4FA18F008C43E8 /* PointVector.c */ = {isa = PBXFileReference; fileEncoding = 4; lastKnownFileType = sourcecode.c.c; path = PointVector.c; sourceTree = "<group>"; };
		767617591B5498E600F327FC /* PointVector.h */ = {isa = PBXFileReference; lastKnownFileType = sourcecode.c.h; path = PointVector.h; sourceTree = "<group>"; };
		7676175A1B5499A300F327FC /* BucketVector.h */ = {isa = PBXFileReference; lastKnownFileType = sourcecode.c.h; path = BucketVector.h; sourceTree = "<group>"; };
/* End PBXFileReference section */

/* Begin PBXFrameworksBuildPhase section */
		766B59321B4FA164008C43E8 /* Frameworks */ = {
			isa = PBXFrameworksBuildPhase;
			buildActionMask = 2147483647;
			files = (
			);
			runOnlyForDeploymentPostprocessing = 0;
		};
/* End PBXFrameworksBuildPhase section */

/* Begin PBXGroup section */
		766B592C1B4FA164008C43E8 = {
			isa = PBXGroup;
			children = (
				766B59371B4FA164008C43E8 /* KeySkyBandQuery */,
				766B59361B4FA164008C43E8 /* Products */,
			);
			sourceTree = "<group>";
		};
		766B59361B4FA164008C43E8 /* Products */ = {
			isa = PBXGroup;
			children = (
				766B59351B4FA164008C43E8 /* KeySkyBandQuery */,
			);
			name = Products;
			sourceTree = "<group>";
		};
		766B59371B4FA164008C43E8 /* KeySkyBandQuery */ = {
			isa = PBXGroup;
			children = (
				766B593F1B4FA18F008C43E8 /* Bucket.h */,
				7676175A1B5499A300F327FC /* BucketVector.h */,
				766B59401B4FA18F008C43E8 /* BucketVector.c */,
				763A67CC1B6084CB0083D522 /* HashTable.h */,
				763A67CD1B6085100083D522 /* HashTable.c */,
				766B59421B4FA18F008C43E8 /* Point.h */,
				767617591B5498E600F327FC /* PointVector.h */,
				766B59431B4FA18F008C43E8 /* PointVector.c */,
				766B59411B4FA18F008C43E8 /* main.c */,
			);
			path = KeySkyBandQuery;
			sourceTree = "<group>";
		};
/* End PBXGroup section */

/* Begin PBXNativeTarget section */
		766B59341B4FA164008C43E8 /* KeySkyBandQuery */ = {
			isa = PBXNativeTarget;
			buildConfigurationList = 766B593C1B4FA164008C43E8 /* Build configuration list for PBXNativeTarget "KeySkyBandQuery" */;
			buildPhases = (
				766B59311B4FA164008C43E8 /* Sources */,
				766B59321B4FA164008C43E8 /* Frameworks */,
				766B59331B4FA164008C43E8 /* CopyFiles */,
			);
			buildRules = (
			);
			dependencies = (
			);
			name = KeySkyBandQuery;
			productName = KeySkyBandQuery;
			productReference = 766B59351B4FA164008C43E8 /* KeySkyBandQuery */;
			productType = "com.apple.product-type.tool";
		};
/* End PBXNativeTarget section */

/* Begin PBXProject section */
		766B592D1B4FA164008C43E8 /* Project object */ = {
			isa = PBXProject;
			attributes = {
				LastUpgradeCheck = 0640;
				ORGANIZATIONNAME = ZJU;
				TargetAttributes = {
					766B59341B4FA164008C43E8 = {
						CreatedOnToolsVersion = 6.4;
					};
				};
			};
			buildConfigurationList = 766B59301B4FA164008C43E8 /* Build configuration list for PBXProject "KeySkyBandQuery" */;
			compatibilityVersion = "Xcode 3.2";
			developmentRegion = English;
			hasScannedForEncodings = 0;
			knownRegions = (
				en,
			);
			mainGroup = 766B592C1B4FA164008C43E8;
			productRefGroup = 766B59361B4FA164008C43E8 /* Products */;
			projectDirPath = "";
			projectRoot = "";
			targets = (
				766B59341B4FA164008C43E8 /* KeySkyBandQuery */,
			);
		};
/* End PBXProject section */

/* Begin PBXSourcesBuildPhase section */
		766B59311B4FA164008C43E8 /* Sources */ = {
			isa = PBXSourcesBuildPhase;
			buildActionMask = 2147483647;
			files = (
				763A67CE1B6085100083D522 /* HashTable.c in Sources */,
				766B59451B4FA18F008C43E8 /* main.c in Sources */,
				766B59461B4FA18F008C43E8 /* PointVector.c in Sources */,
				766B59441B4FA18F008C43E8 /* BucketVector.c in Sources */,
			);
			runOnlyForDeploymentPostprocessing = 0;
		};
/* End PBXSourcesBuildPhase section */

/* Begin XCBuildConfiguration section */
		766B593A1B4FA164008C43E8 /* Debug */ = {
			isa = XCBuildConfiguration;
			buildSettings = {
				ALWAYS_SEARCH_USER_PATHS = NO;
				CLANG_CXX_LANGUAGE_STANDARD = "gnu++0x";
				CLANG_CXX_LIBRARY = "libc++";
				CLANG_ENABLE_MODULES = YES;
				CLANG_ENABLE_OBJC_ARC = YES;
				CLANG_WARN_BOOL_CONVERSION = YES;
				CLANG_WARN_CONSTANT_CONVERSION = YES;
				CLANG_WARN_DIRECT_OBJC_ISA_USAGE = YES_ERROR;
				CLANG_WARN_EMPTY_BODY = YES;
				CLANG_WARN_ENUM_CONVERSION = YES;
				CLANG_WARN_INT_CONVERSION = YES;
				CLANG_WARN_OBJC_ROOT_CLASS = YES_ERROR;
				CLANG_WARN_UNREACHABLE_CODE = YES;
				CLANG_WARN__DUPLICATE_METHOD_MATCH = YES;
				COPY_PHASE_STRIP = NO;
				DEBUG_INFORMATION_FORMAT = dwarf;
				ENABLE_STRICT_OBJC_MSGSEND = YES;
				GCC_C_LANGUAGE_STANDARD = gnu99;
				GCC_DYNAMIC_NO_PIC = NO;
				GCC_NO_COMMON_BLOCKS = YES;
				GCC_OPTIMIZATION_LEVEL = 0;
				GCC_PREPROCESSOR_DEFINITIONS = (
					"DEBUG=1",
					"$(inherited)",
				);
				GCC_SYMBOLS_PRIVATE_EXTERN = NO;
				GCC_WARN_64_TO_32_BIT_CONVERSION = YES;
				GCC_WARN_ABOUT_RETURN_TYPE = YES_ERROR;
				GCC_WARN_UNDECLARED_SELECTOR = YES;
				GCC_WARN_UNINITIALIZED_AUTOS = YES_AGGRESSIVE;
				GCC_WARN_UNUSED_FUNCTION = YES;
				GCC_WARN_UNUSED_VARIABLE = YES;
				MACOSX_DEPLOYMENT_TARGET = 10.10;
				MTL_ENABLE_DEBUG_INFO = YES;
				ONLY_ACTIVE_ARCH = YES;
				SDKROOT = macosx;
			};
			name = Debug;
		};
		766B593B1B4FA164008C43E8 /* Release */ = {
			isa = XCBuildConfiguration;
			buildSettings = {
				ALWAYS_SEARCH_USER_PATHS = NO;
				CLANG_CXX_LANGUAGE_STANDARD = "gnu++0x";
				CLANG_CXX_LIBRARY = "libc++";
				CLANG_ENABLE_MODULES = YES;
				CLANG_ENABLE_OBJC_ARC = YES;
				CLANG_WARN_BOOL_CONVERSION = YES;
				CLANG_WARN_CONSTANT_CONVERSION = YES;
				CLANG_WARN_DIRECT_OBJC_ISA_USAGE = YES_ERROR;
				CLANG_WARN_EMPTY_BODY = YES;
				CLANG_WARN_ENUM_CONVERSION = YES;
				CLANG_WARN_INT_CONVERSION = YES;
				CLANG_WARN_OBJC_ROOT_CLASS = YES_ERROR;
				CLANG_WARN_UNREACHABLE_CODE = YES;
				CLANG_WARN__DUPLICATE_METHOD_MATCH = YES;
				COPY_PHASE_STRIP = NO;
				DEBUG_INFORMATION_FORMAT = "dwarf-with-dsym";
				ENABLE_NS_ASSERTIONS = NO;
				ENABLE_STRICT_OBJC_MSGSEND = YES;
				GCC_C_LANGUAGE_STANDARD = gnu99;
				GCC_NO_COMMON_BLOCKS = YES;
				GCC_WARN_64_TO_32_BIT_CONVERSION = YES;
				GCC_WARN_ABOUT_RETURN_TYPE = YES_ERROR;
				GCC_WARN_UNDECLARED_SELECTOR = YES;
				GCC_WARN_UNINITIALIZED_AUTOS = YES_AGGRESSIVE;
				GCC_WARN_UNUSED_FUNCTION = YES;
				GCC_WARN_UNUSED_VARIABLE = YES;
				MACOSX_DEPLOYMENT_TARGET = 10.10;
				MTL_ENABLE_DEBUG_INFO = NO;
				SDKROOT = macosx;
			};
			name = Release;
		};
		766B593D1B4FA164008C43E8 /* Debug */ = {
			isa = XCBuildConfiguration;
			buildSettings = {
				PRODUCT_NAME = "$(TARGET_NAME)";
			};
			name = Debug;
		};
		766B593E1B4FA164008C43E8 /* Release */ = {
			isa = XCBuildConfiguration;
			buildSettings = {
				PRODUCT_NAME = "$(TARGET_NAME)";
			};
			name = Release;
		};
/* End XCBuildConfiguration section */

/* Begin XCConfigurationList section */
		766B59301B4FA164008C43E8 /* Build configuration list for PBXProject "KeySkyBandQuery" */ = {
			isa = XCConfigurationList;
			buildConfigurations = (
				766B593A1B4FA164008C43E8 /* Debug */,
				766B593B1B4FA164008C43E8 /* Release */,
			);
			defaultConfigurationIsVisible = 0;
			defaultConfigurationName = Release;
		};
		766B593C1B4FA164008C43E8 /* Build configuration list for PBXNativeTarget "KeySkyBandQuery" */ = {
			isa = XCConfigurationList;
			buildConfigurations = (
				766B593D1B4FA164008C43E8 /* Debug */,
				766B593E1B4FA164008C43E8 /* Release */,
			);
			defaultConfigurationIsVisible = 0;
			defaultConfigurationName = Release;
		};
/* End XCConfigurationList section */
	};
	rootObject = 766B592D1B4FA164008C43E8 /* Project object */;
}
